
Microsoft Visual Studio Solution File, Format Version 12.00
# Visual Studio Version 17
VisualStudioVersion = 17.14.36414.22
MinimumVisualStudioVersion = 10.0.40219.1
Project("{FAE04EC0-301F-11D3-BF4B-00C04F79EFBC}") = "EmbroideryCommunicator", "EmbroideryCommunicator.csproj", "{7D5CA4A0-3B8D-4D20-9991-83D083A8DF92}"
EndProject
Global
	GlobalSection(SolutionConfigurationPlatforms) = preSolution
		Debug|Any CPU = Debug|Any CPU
		Release|Any CPU = Release|Any CPU
	EndGlobalSection
	GlobalSection(ProjectConfigurationPlatforms) = postSolution
		{7D5CA4A0-3B8D-4D20-9991-83D083A8DF92}.Debug|Any CPU.ActiveCfg = Debug|Any CPU
		{7D5CA4A0-3B8D-4D20-9991-83D083A8DF92}.Debug|Any CPU.Build.0 = Debug|Any CPU
		{7D5CA4A0-3B8D-4D20-9991-83D083A8DF92}.Release|Any CPU.ActiveCfg = Release|Any CPU
		{7D5CA4A0-3B8D-4D20-9991-83D083A8DF92}.Release|Any CPU.Build.0 = Release|Any CPU
	EndGlobalSection
	GlobalSection(SolutionProperties) = preSolution
		HideSolutionNode = FALSE
	EndGlobalSection
	GlobalSection(ExtensibilityGlobals) = postSolution
		SolutionGuid = {5E06BB3F-F07C-4B4D-8CAB-8DB0A2A6CFF4}
	EndGlobalSection
EndGlobal
